{
  "name": "pebble-wordle",
  "version": "0.1.0",
  "lockfileVersion": 1,
  "requires": true,
  "dependencies": {
    "@smallstoneapps/linked-list": {
      "version": "1.4.0",
      "resolved": "https://registry.npmjs.org/@smallstoneapps/linked-list/-/linked-list-1.4.0.tgz",
      "integrity": "sha1-M6sEciAombB+C6MY1J2vhncDGdk="
    },
    "pebble-events": {
      "version": "1.2.0",
      "resolved": "https://registry.npmjs.org/pebble-events/-/pebble-events-1.2.0.tgz",
      "integrity": "sha1-C1d5etIL/AKqfadk5cR8Yq6zw2Y=",
      "requires": {
        "@smallstoneapps/linked-list": "^1.3.0"
      }
    }
  }
}
